
Microsoft Visual Studio Solution File, Format Version 12.00
# Visual Studio 15
VisualStudioVersion = 15.0.28010.2046
MinimumVisualStudioVersion = 10.0.40219.1
Project("{FAE04EC0-301F-11D3-BF4B-00C04F79EFBC}") = "thesing", "thesing\thesing.csproj", "{855A6701-7A46-4FAE-91FF-57F829537868}"
EndProject
Project("{9A19103F-16F7-4668-BE54-9A1E7A4F7556}") = "thesing.Model", "thesing.Model\thesing.Model.csproj", "{3A8AD4E4-4DC3-43FA-9A16-8E06FB33C6F8}"
EndProject
Project("{9A19103F-16F7-4668-BE54-9A1E7A4F7556}") = "thesing.Service", "thesing.Service\thesing.Service.csproj", "{84222E2D-2CB5-44E8-AF81-8C0E4D0366C4}"
EndProject
Project("{FAE04EC0-301F-11D3-BF4B-00C04F79EFBC}") = "thesing.Controller", "thesing.Controller\thesing.Controller.csproj", "{1DFFFFDA-C49D-4554-A948-BF0B04A4A365}"
EndProject
Global
	GlobalSection(SolutionConfigurationPlatforms) = preSolution
		Debug|Any CPU = Debug|Any CPU
		Release|Any CPU = Release|Any CPU
	EndGlobalSection
	GlobalSection(ProjectConfigurationPlatforms) = postSolution
		{855A6701-7A46-4FAE-91FF-57F829537868}.Debug|Any CPU.ActiveCfg = Debug|Any CPU
		{855A6701-7A46-4FAE-91FF-57F829537868}.Debug|Any CPU.Build.0 = Debug|Any CPU
		{855A6701-7A46-4FAE-91FF-57F829537868}.Release|Any CPU.ActiveCfg = Release|Any CPU
		{855A6701-7A46-4FAE-91FF-57F829537868}.Release|Any CPU.Build.0 = Release|Any CPU
		{3A8AD4E4-4DC3-43FA-9A16-8E06FB33C6F8}.Debug|Any CPU.ActiveCfg = Debug|Any CPU
		{3A8AD4E4-4DC3-43FA-9A16-8E06FB33C6F8}.Debug|Any CPU.Build.0 = Debug|Any CPU
		{3A8AD4E4-4DC3-43FA-9A16-8E06FB33C6F8}.Release|Any CPU.ActiveCfg = Release|Any CPU
		{3A8AD4E4-4DC3-43FA-9A16-8E06FB33C6F8}.Release|Any CPU.Build.0 = Release|Any CPU
		{84222E2D-2CB5-44E8-AF81-8C0E4D0366C4}.Debug|Any CPU.ActiveCfg = Debug|Any CPU
		{84222E2D-2CB5-44E8-AF81-8C0E4D0366C4}.Debug|Any CPU.Build.0 = Debug|Any CPU
		{84222E2D-2CB5-44E8-AF81-8C0E4D0366C4}.Release|Any CPU.ActiveCfg = Release|Any CPU
		{84222E2D-2CB5-44E8-AF81-8C0E4D0366C4}.Release|Any CPU.Build.0 = Release|Any CPU
		{1DFFFFDA-C49D-4554-A948-BF0B04A4A365}.Debug|Any CPU.ActiveCfg = Debug|Any CPU
		{1DFFFFDA-C49D-4554-A948-BF0B04A4A365}.Debug|Any CPU.Build.0 = Debug|Any CPU
		{1DFFFFDA-C49D-4554-A948-BF0B04A4A365}.Release|Any CPU.ActiveCfg = Release|Any CPU
		{1DFFFFDA-C49D-4554-A948-BF0B04A4A365}.Release|Any CPU.Build.0 = Release|Any CPU
	EndGlobalSection
	GlobalSection(SolutionProperties) = preSolution
		HideSolutionNode = FALSE
	EndGlobalSection
	GlobalSection(ExtensibilityGlobals) = postSolution
		SolutionGuid = {81B72E37-9B8B-4B44-B120-DB80E31BEC42}
	EndGlobalSection
EndGlobal
