
Microsoft Visual Studio Solution File, Format Version 12.00
# Visual Studio 15
VisualStudioVersion = 15.0.28010.2046
MinimumVisualStudioVersion = 10.0.40219.1
Project("{FAE04EC0-301F-11D3-BF4B-00C04F79EFBC}") = "thesing", "thesing\thesing.csproj", "{DCD291A6-7BBF-4E5C-AFA4-A738DA9C98D7}"
EndProject
Project("{FAE04EC0-301F-11D3-BF4B-00C04F79EFBC}") = "thesing.Controller", "thesing.Controller\thesing.Controller.csproj", "{F8106021-421D-479B-A627-94ACA2922A8F}"
EndProject
Project("{FAE04EC0-301F-11D3-BF4B-00C04F79EFBC}") = "thesing.Service", "thesing.Service\thesing.Service.csproj", "{D216FC14-3415-4F25-ABDB-D46E725F14DE}"
EndProject
Project("{FAE04EC0-301F-11D3-BF4B-00C04F79EFBC}") = "thesing.Model", "thesing.Model\thesing.Model.csproj", "{633319EB-D364-4A46-A1C1-F3BAD781CFAE}"
EndProject
Global
	GlobalSection(SolutionConfigurationPlatforms) = preSolution
		Debug|Any CPU = Debug|Any CPU
		Release|Any CPU = Release|Any CPU
	EndGlobalSection
	GlobalSection(ProjectConfigurationPlatforms) = postSolution
		{DCD291A6-7BBF-4E5C-AFA4-A738DA9C98D7}.Debug|Any CPU.ActiveCfg = Debug|Any CPU
		{DCD291A6-7BBF-4E5C-AFA4-A738DA9C98D7}.Debug|Any CPU.Build.0 = Debug|Any CPU
		{DCD291A6-7BBF-4E5C-AFA4-A738DA9C98D7}.Release|Any CPU.ActiveCfg = Release|Any CPU
		{DCD291A6-7BBF-4E5C-AFA4-A738DA9C98D7}.Release|Any CPU.Build.0 = Release|Any CPU
		{F8106021-421D-479B-A627-94ACA2922A8F}.Debug|Any CPU.ActiveCfg = Debug|Any CPU
		{F8106021-421D-479B-A627-94ACA2922A8F}.Debug|Any CPU.Build.0 = Debug|Any CPU
		{F8106021-421D-479B-A627-94ACA2922A8F}.Release|Any CPU.ActiveCfg = Release|Any CPU
		{F8106021-421D-479B-A627-94ACA2922A8F}.Release|Any CPU.Build.0 = Release|Any CPU
		{D216FC14-3415-4F25-ABDB-D46E725F14DE}.Debug|Any CPU.ActiveCfg = Debug|Any CPU
		{D216FC14-3415-4F25-ABDB-D46E725F14DE}.Debug|Any CPU.Build.0 = Debug|Any CPU
		{D216FC14-3415-4F25-ABDB-D46E725F14DE}.Release|Any CPU.ActiveCfg = Release|Any CPU
		{D216FC14-3415-4F25-ABDB-D46E725F14DE}.Release|Any CPU.Build.0 = Release|Any CPU
		{633319EB-D364-4A46-A1C1-F3BAD781CFAE}.Debug|Any CPU.ActiveCfg = Debug|Any CPU
		{633319EB-D364-4A46-A1C1-F3BAD781CFAE}.Debug|Any CPU.Build.0 = Debug|Any CPU
		{633319EB-D364-4A46-A1C1-F3BAD781CFAE}.Release|Any CPU.ActiveCfg = Release|Any CPU
		{633319EB-D364-4A46-A1C1-F3BAD781CFAE}.Release|Any CPU.Build.0 = Release|Any CPU
	EndGlobalSection
	GlobalSection(SolutionProperties) = preSolution
		HideSolutionNode = FALSE
	EndGlobalSection
	GlobalSection(ExtensibilityGlobals) = postSolution
		SolutionGuid = {A801EB88-706E-4DF2-B6B9-D1DC3A139203}
	EndGlobalSection
EndGlobal
